Microsoft Visual Studio Solution File, Format Version 11.00
# Visual Studio 2008

Project("{1ACEEBB0-5AB0-6459-A3BD-0684E9464E33}") = "The Loco-motion", "Assembly-CSharp.csproj", "{223AEFED-D44E-21F1-97E7-ECA1195B7128}"
EndProject
Global
	GlobalSection(SolutionConfigurationPlatforms) = preSolution
		Debug|Any CPU = Debug|Any CPU
		Release|Any CPU = Release|Any CPU
	EndGlobalSection
	GlobalSection(ProjectConfigurationPlatforms) = postSolution
		{223AEFED-D44E-21F1-97E7-ECA1195B7128}.Debug|Any CPU.ActiveCfg = Debug|Any CPU
		{223AEFED-D44E-21F1-97E7-ECA1195B7128}.Debug|Any CPU.Build.0 = Debug|Any CPU
		{223AEFED-D44E-21F1-97E7-ECA1195B7128}.Release|Any CPU.ActiveCfg = Release|Any CPU
		{223AEFED-D44E-21F1-97E7-ECA1195B7128}.Release|Any CPU.Build.0 = Release|Any CPU
	EndGlobalSection
	GlobalSection(SolutionProperties) = preSolution
		HideSolutionNode = FALSE
	EndGlobalSection
	GlobalSection(MonoDevelopProperties) = preSolution
		StartupItem = Assembly-CSharp.csproj
	EndGlobalSection
EndGlobal
